
Microsoft Visual Studio Solution File, Format Version 12.00
# Visual Studio Version 17
VisualStudioVersion = 17.4.33205.214
MinimumVisualStudioVersion = 10.0.40219.1
Project("{888888A0-9F3D-457C-B088-3A5042F75D52}") = "praktiline töö", "praktiline töö.pyproj", "{93781970-19FA-4FBF-A421-254A4238DDD6}"
EndProject
Global
	GlobalSection(SolutionConfigurationPlatforms) = preSolution
		Debug|Any CPU = Debug|Any CPU
		Release|Any CPU = Release|Any CPU
	EndGlobalSection
	GlobalSection(ProjectConfigurationPlatforms) = postSolution
		{93781970-19FA-4FBF-A421-254A4238DDD6}.Debug|Any CPU.ActiveCfg = Debug|Any CPU
		{93781970-19FA-4FBF-A421-254A4238DDD6}.Release|Any CPU.ActiveCfg = Release|Any CPU
	EndGlobalSection
	GlobalSection(SolutionProperties) = preSolution
		HideSolutionNode = FALSE
	EndGlobalSection
	GlobalSection(ExtensibilityGlobals) = postSolution
		SolutionGuid = {5F0CD2FB-5224-45AC-B326-C8BC091DBFF5}
	EndGlobalSection
EndGlobal
